
Microsoft Visual Studio Solution File, Format Version 12.00
# Visual Studio Version 17
VisualStudioVersion = 17.14.36603.0
MinimumVisualStudioVersion = 10.0.40219.1
Project("{FAE04EC0-301F-11D3-BF4B-00C04F79EFBC}") = "GUI", "GUI\GUI.csproj", "{E41E7239-9646-412A-AA0C-811C14BB69A4}"
EndProject
Project("{FAE04EC0-301F-11D3-BF4B-00C04F79EFBC}") = "ET", "ET\ET.csproj", "{A79923DB-5518-4986-959E-209CEC915521}"
EndProject
Project("{FAE04EC0-301F-11D3-BF4B-00C04F79EFBC}") = "DAL", "DAL\DAL.csproj", "{478062A4-212C-4709-8FB8-5CC590172155}"
EndProject
Project("{FAE04EC0-301F-11D3-BF4B-00C04F79EFBC}") = "BUS", "BUS\BUS.csproj", "{87A2EF55-0E0F-49A7-A24F-365078F0D382}"
EndProject
Project("{FAE04EC0-301F-11D3-BF4B-00C04F79EFBC}") = "SD001.Tests", "SD001.Tests\SD001.Tests.csproj", "{F31B1FE0-4C90-4C47-8A80-0568A9897266}"
EndProject
Global
	GlobalSection(SolutionConfigurationPlatforms) = preSolution
		Debug|Any CPU = Debug|Any CPU
		Debug|x64 = Debug|x64
		Debug|x86 = Debug|x86
		Release|Any CPU = Release|Any CPU
		Release|x64 = Release|x64
		Release|x86 = Release|x86
	EndGlobalSection
	GlobalSection(ProjectConfigurationPlatforms) = postSolution
		{E41E7239-9646-412A-AA0C-811C14BB69A4}.Debug|Any CPU.ActiveCfg = Debug|Any CPU
		{E41E7239-9646-412A-AA0C-811C14BB69A4}.Debug|Any CPU.Build.0 = Debug|Any CPU
		{E41E7239-9646-412A-AA0C-811C14BB69A4}.Debug|x64.ActiveCfg = Debug|Any CPU
		{E41E7239-9646-412A-AA0C-811C14BB69A4}.Debug|x64.Build.0 = Debug|Any CPU
		{E41E7239-9646-412A-AA0C-811C14BB69A4}.Debug|x86.ActiveCfg = Debug|Any CPU
		{E41E7239-9646-412A-AA0C-811C14BB69A4}.Debug|x86.Build.0 = Debug|Any CPU
		{E41E7239-9646-412A-AA0C-811C14BB69A4}.Release|Any CPU.ActiveCfg = Release|Any CPU
		{E41E7239-9646-412A-AA0C-811C14BB69A4}.Release|Any CPU.Build.0 = Release|Any CPU
		{E41E7239-9646-412A-AA0C-811C14BB69A4}.Release|x64.ActiveCfg = Release|Any CPU
		{E41E7239-9646-412A-AA0C-811C14BB69A4}.Release|x64.Build.0 = Release|Any CPU
		{E41E7239-9646-412A-AA0C-811C14BB69A4}.Release|x86.ActiveCfg = Release|Any CPU
		{E41E7239-9646-412A-AA0C-811C14BB69A4}.Release|x86.Build.0 = Release|Any CPU
		{A79923DB-5518-4986-959E-209CEC915521}.Debug|Any CPU.ActiveCfg = Debug|Any CPU
		{A79923DB-5518-4986-959E-209CEC915521}.Debug|Any CPU.Build.0 = Debug|Any CPU
		{A79923DB-5518-4986-959E-209CEC915521}.Debug|x64.ActiveCfg = Debug|Any CPU
		{A79923DB-5518-4986-959E-209CEC915521}.Debug|x64.Build.0 = Debug|Any CPU
		{A79923DB-5518-4986-959E-209CEC915521}.Debug|x86.ActiveCfg = Debug|Any CPU
		{A79923DB-5518-4986-959E-209CEC915521}.Debug|x86.Build.0 = Debug|Any CPU
		{A79923DB-5518-4986-959E-209CEC915521}.Release|Any CPU.ActiveCfg = Release|Any CPU
		{A79923DB-5518-4986-959E-209CEC915521}.Release|Any CPU.Build.0 = Release|Any CPU
		{A79923DB-5518-4986-959E-209CEC915521}.Release|x64.ActiveCfg = Release|Any CPU
		{A79923DB-5518-4986-959E-209CEC915521}.Release|x64.Build.0 = Release|Any CPU
		{A79923DB-5518-4986-959E-209CEC915521}.Release|x86.ActiveCfg = Release|Any CPU
		{A79923DB-5518-4986-959E-209CEC915521}.Release|x86.Build.0 = Release|Any CPU
		{478062A4-212C-4709-8FB8-5CC590172155}.Debug|Any CPU.ActiveCfg = Debug|Any CPU
		{478062A4-212C-4709-8FB8-5CC590172155}.Debug|Any CPU.Build.0 = Debug|Any CPU
		{478062A4-212C-4709-8FB8-5CC590172155}.Debug|x64.ActiveCfg = Debug|Any CPU
		{478062A4-212C-4709-8FB8-5CC590172155}.Debug|x64.Build.0 = Debug|Any CPU
		{478062A4-212C-4709-8FB8-5CC590172155}.Debug|x86.ActiveCfg = Debug|Any CPU
		{478062A4-212C-4709-8FB8-5CC590172155}.Debug|x86.Build.0 = Debug|Any CPU
		{478062A4-212C-4709-8FB8-5CC590172155}.Release|Any CPU.ActiveCfg = Release|Any CPU
		{478062A4-212C-4709-8FB8-5CC590172155}.Release|Any CPU.Build.0 = Release|Any CPU
		{478062A4-212C-4709-8FB8-5CC590172155}.Release|x64.ActiveCfg = Release|Any CPU
		{478062A4-212C-4709-8FB8-5CC590172155}.Release|x64.Build.0 = Release|Any CPU
		{478062A4-212C-4709-8FB8-5CC590172155}.Release|x86.ActiveCfg = Release|Any CPU
		{478062A4-212C-4709-8FB8-5CC590172155}.Release|x86.Build.0 = Release|Any CPU
		{87A2EF55-0E0F-49A7-A24F-365078F0D382}.Debug|Any CPU.ActiveCfg = Debug|Any CPU
		{87A2EF55-0E0F-49A7-A24F-365078F0D382}.Debug|Any CPU.Build.0 = Debug|Any CPU
		{87A2EF55-0E0F-49A7-A24F-365078F0D382}.Debug|x64.ActiveCfg = Debug|Any CPU
		{87A2EF55-0E0F-49A7-A24F-365078F0D382}.Debug|x64.Build.0 = Debug|Any CPU
		{87A2EF55-0E0F-49A7-A24F-365078F0D382}.Debug|x86.ActiveCfg = Debug|Any CPU
		{87A2EF55-0E0F-49A7-A24F-365078F0D382}.Debug|x86.Build.0 = Debug|Any CPU
		{87A2EF55-0E0F-49A7-A24F-365078F0D382}.Release|Any CPU.ActiveCfg = Release|Any CPU
		{87A2EF55-0E0F-49A7-A24F-365078F0D382}.Release|Any CPU.Build.0 = Release|Any CPU
		{87A2EF55-0E0F-49A7-A24F-365078F0D382}.Release|x64.ActiveCfg = Release|Any CPU
		{87A2EF55-0E0F-49A7-A24F-365078F0D382}.Release|x64.Build.0 = Release|Any CPU
		{87A2EF55-0E0F-49A7-A24F-365078F0D382}.Release|x86.ActiveCfg = Release|Any CPU
		{87A2EF55-0E0F-49A7-A24F-365078F0D382}.Release|x86.Build.0 = Release|Any CPU
		{F31B1FE0-4C90-4C47-8A80-0568A9897266}.Debug|Any CPU.ActiveCfg = Debug|Any CPU
		{F31B1FE0-4C90-4C47-8A80-0568A9897266}.Debug|Any CPU.Build.0 = Debug|Any CPU
		{F31B1FE0-4C90-4C47-8A80-0568A9897266}.Debug|x64.ActiveCfg = Debug|Any CPU
		{F31B1FE0-4C90-4C47-8A80-0568A9897266}.Debug|x64.Build.0 = Debug|Any CPU
		{F31B1FE0-4C90-4C47-8A80-0568A9897266}.Debug|x86.ActiveCfg = Debug|Any CPU
		{F31B1FE0-4C90-4C47-8A80-0568A9897266}.Debug|x86.Build.0 = Debug|Any CPU
		{F31B1FE0-4C90-4C47-8A80-0568A9897266}.Release|Any CPU.ActiveCfg = Release|Any CPU
		{F31B1FE0-4C90-4C47-8A80-0568A9897266}.Release|Any CPU.Build.0 = Release|Any CPU
		{F31B1FE0-4C90-4C47-8A80-0568A9897266}.Release|x64.ActiveCfg = Release|Any CPU
		{F31B1FE0-4C90-4C47-8A80-0568A9897266}.Release|x64.Build.0 = Release|Any CPU
		{F31B1FE0-4C90-4C47-8A80-0568A9897266}.Release|x86.ActiveCfg = Release|Any CPU
		{F31B1FE0-4C90-4C47-8A80-0568A9897266}.Release|x86.Build.0 = Release|Any CPU
	EndGlobalSection
	GlobalSection(SolutionProperties) = preSolution
		HideSolutionNode = FALSE
	EndGlobalSection
	GlobalSection(ExtensibilityGlobals) = postSolution
		SolutionGuid = {6039D2F6-F043-4D2C-A40B-818B57F1944F}
	EndGlobalSection
EndGlobal
